
Microsoft Visual Studio Solution File, Format Version 12.00
# Visual Studio Version 17
VisualStudioVersion = 17.4.33213.308
MinimumVisualStudioVersion = 10.0.40219.1
Project("{9A19103F-16F7-4668-BE54-9A1E7A4F7556}") = "NexusKrop.IceShell", "NexusKrop.IceShell\NexusKrop.IceShell.csproj", "{60907104-94AF-4C44-9073-C535527CC0FA}"
EndProject
Project("{FAE04EC0-301F-11D3-BF4B-00C04F79EFBC}") = "NexusKrop.IceShell.Core", "NexusKrop.IceShell.Core\NexusKrop.IceShell.Core.csproj", "{26BFADAE-10ED-49D3-9EAD-5EB077F883C4}"
EndProject
Global
	GlobalSection(SolutionConfigurationPlatforms) = preSolution
		Debug|Any CPU = Debug|Any CPU
		Release|Any CPU = Release|Any CPU
	EndGlobalSection
	GlobalSection(ProjectConfigurationPlatforms) = postSolution
		{60907104-94AF-4C44-9073-C535527CC0FA}.Debug|Any CPU.ActiveCfg = Debug|Any CPU
		{60907104-94AF-4C44-9073-C535527CC0FA}.Debug|Any CPU.Build.0 = Debug|Any CPU
		{60907104-94AF-4C44-9073-C535527CC0FA}.Release|Any CPU.ActiveCfg = Release|Any CPU
		{60907104-94AF-4C44-9073-C535527CC0FA}.Release|Any CPU.Build.0 = Release|Any CPU
		{26BFADAE-10ED-49D3-9EAD-5EB077F883C4}.Debug|Any CPU.ActiveCfg = Debug|Any CPU
		{26BFADAE-10ED-49D3-9EAD-5EB077F883C4}.Debug|Any CPU.Build.0 = Debug|Any CPU
		{26BFADAE-10ED-49D3-9EAD-5EB077F883C4}.Release|Any CPU.ActiveCfg = Release|Any CPU
		{26BFADAE-10ED-49D3-9EAD-5EB077F883C4}.Release|Any CPU.Build.0 = Release|Any CPU
	EndGlobalSection
	GlobalSection(SolutionProperties) = preSolution
		HideSolutionNode = FALSE
	EndGlobalSection
	GlobalSection(ExtensibilityGlobals) = postSolution
		SolutionGuid = {22F2D783-56E2-4268-B860-ED731EBD0D97}
	EndGlobalSection
EndGlobal
